
Microsoft Visual Studio Solution File, Format Version 12.00
# Visual Studio Version 17
VisualStudioVersion = 17.11.35312.102
MinimumVisualStudioVersion = 10.0.40219.1
Project("{FAE04EC0-301F-11D3-BF4B-00C04F79EFBC}") = "Task3 - 07.10.2024", "Task3 - 07.10.2024\Task3 - 07.10.2024.csproj", "{554C8D16-51A0-4FA5-9017-5AE2500084FA}"
EndProject
Global
	GlobalSection(SolutionConfigurationPlatforms) = preSolution
		Debug|Any CPU = Debug|Any CPU
		Release|Any CPU = Release|Any CPU
	EndGlobalSection
	GlobalSection(ProjectConfigurationPlatforms) = postSolution
		{554C8D16-51A0-4FA5-9017-5AE2500084FA}.Debug|Any CPU.ActiveCfg = Debug|Any CPU
		{554C8D16-51A0-4FA5-9017-5AE2500084FA}.Debug|Any CPU.Build.0 = Debug|Any CPU
		{554C8D16-51A0-4FA5-9017-5AE2500084FA}.Release|Any CPU.ActiveCfg = Release|Any CPU
		{554C8D16-51A0-4FA5-9017-5AE2500084FA}.Release|Any CPU.Build.0 = Release|Any CPU
	EndGlobalSection
	GlobalSection(SolutionProperties) = preSolution
		HideSolutionNode = FALSE
	EndGlobalSection
	GlobalSection(ExtensibilityGlobals) = postSolution
		SolutionGuid = {E37E80E0-E9A0-40AE-932C-96C8B374885A}
	EndGlobalSection
EndGlobal
