
Microsoft Visual Studio Solution File, Format Version 12.00
# Visual Studio Version 17
VisualStudioVersion = 17.11.35312.102
MinimumVisualStudioVersion = 10.0.40219.1
Project("{FAE04EC0-301F-11D3-BF4B-00C04F79EFBC}") = "Task5 - 11.10.2024", "Task5 - 11.10.2024\Task5 - 11.10.2024.csproj", "{4892C419-22FF-43A6-8611-7032ED6B4732}"
EndProject
Global
	GlobalSection(SolutionConfigurationPlatforms) = preSolution
		Debug|Any CPU = Debug|Any CPU
		Release|Any CPU = Release|Any CPU
	EndGlobalSection
	GlobalSection(ProjectConfigurationPlatforms) = postSolution
		{4892C419-22FF-43A6-8611-7032ED6B4732}.Debug|Any CPU.ActiveCfg = Debug|Any CPU
		{4892C419-22FF-43A6-8611-7032ED6B4732}.Debug|Any CPU.Build.0 = Debug|Any CPU
		{4892C419-22FF-43A6-8611-7032ED6B4732}.Release|Any CPU.ActiveCfg = Release|Any CPU
		{4892C419-22FF-43A6-8611-7032ED6B4732}.Release|Any CPU.Build.0 = Release|Any CPU
	EndGlobalSection
	GlobalSection(SolutionProperties) = preSolution
		HideSolutionNode = FALSE
	EndGlobalSection
	GlobalSection(ExtensibilityGlobals) = postSolution
		SolutionGuid = {5B921D16-A900-4DCE-8DDE-ADDAD51E7D21}
	EndGlobalSection
EndGlobal
